
Microsoft Visual Studio Solution File, Format Version 12.00
# Visual Studio Version 16
VisualStudioVersion = 16.0.30717.126
MinimumVisualStudioVersion = 10.0.40219.1
Project("{FAE04EC0-301F-11D3-BF4B-00C04F79EFBC}") = "Personel Takip", "Personel Takip\Personel Takip.csproj", "{2DC0515F-36C2-41FF-A18E-6507E6B2FFB7}"
EndProject
Global
	GlobalSection(SolutionConfigurationPlatforms) = preSolution
		Debug|Any CPU = Debug|Any CPU
		Release|Any CPU = Release|Any CPU
	EndGlobalSection
	GlobalSection(ProjectConfigurationPlatforms) = postSolution
		{2DC0515F-36C2-41FF-A18E-6507E6B2FFB7}.Debug|Any CPU.ActiveCfg = Debug|Any CPU
		{2DC0515F-36C2-41FF-A18E-6507E6B2FFB7}.Debug|Any CPU.Build.0 = Debug|Any CPU
		{2DC0515F-36C2-41FF-A18E-6507E6B2FFB7}.Release|Any CPU.ActiveCfg = Release|Any CPU
		{2DC0515F-36C2-41FF-A18E-6507E6B2FFB7}.Release|Any CPU.Build.0 = Release|Any CPU
	EndGlobalSection
	GlobalSection(SolutionProperties) = preSolution
		HideSolutionNode = FALSE
	EndGlobalSection
	GlobalSection(ExtensibilityGlobals) = postSolution
		SolutionGuid = {D0227E70-5E90-4FA2-B581-5BAAFF348BC8}
	EndGlobalSection
EndGlobal
